
Microsoft Visual Studio Solution File, Format Version 12.00
# Visual Studio Version 17
VisualStudioVersion = 17.1.32319.34
MinimumVisualStudioVersion = 10.0.40219.1
Project("{8BC9CEB8-8B4A-11D0-8D11-00A0C91BC942}") = "Zad1", "Zad1\Zad1.vcxproj", "{72B90976-6F06-4AB4-81FD-C52ADED182F6}"
EndProject
Project("{8BC9CEB8-8B4A-11D0-8D11-00A0C91BC942}") = "Zad2", "Zad2\Zad2.vcxproj", "{99068F4C-3A8A-4E5D-B834-61DF4214C232}"
EndProject
Project("{8BC9CEB8-8B4A-11D0-8D11-00A0C91BC942}") = "Zad3", "Zad3\Zad3.vcxproj", "{AA51991E-3972-4281-928F-D7FE19E357A9}"
EndProject
Project("{8BC9CEB8-8B4A-11D0-8D11-00A0C91BC942}") = "Zad4", "Zad4\Zad4.vcxproj", "{156FCC7C-5BB7-4829-8BE5-3DB45AF971D0}"
EndProject
Project("{8BC9CEB8-8B4A-11D0-8D11-00A0C91BC942}") = "Zad5", "Zad5\Zad5.vcxproj", "{F85FC197-ED2E-435D-BC2F-00C32741AFE0}"
EndProject
Project("{8BC9CEB8-8B4A-11D0-8D11-00A0C91BC942}") = "Zad6", "Zad6\Zad6.vcxproj", "{1BEC4EE8-E8C2-45EE-AFD4-F4FC38AEEB99}"
EndProject
Project("{8BC9CEB8-8B4A-11D0-8D11-00A0C91BC942}") = "Zad7", "Zad7\Zad7.vcxproj", "{5C26DB40-425B-4E28-B672-05B621024275}"
EndProject
Project("{8BC9CEB8-8B4A-11D0-8D11-00A0C91BC942}") = "Zad8", "Zad8\Zad8.vcxproj", "{1CB744FB-DAE2-42B1-86B6-132B1472446F}"
EndProject
Project("{8BC9CEB8-8B4A-11D0-8D11-00A0C91BC942}") = "Zad9", "Zad9\Zad9.vcxproj", "{44FFFF94-460E-4FD4-842A-61670ED04F6E}"
EndProject
Project("{8BC9CEB8-8B4A-11D0-8D11-00A0C91BC942}") = "Zad10", "Zad10\Zad10.vcxproj", "{DFCE5CB0-7D5E-4BC9-AE52-5B1D7CD40BCB}"
EndProject
Project("{8BC9CEB8-8B4A-11D0-8D11-00A0C91BC942}") = "Zad13", "Zad13\Zad13.vcxproj", "{85C1A3AD-9BB9-4165-B982-3FE83B8B7942}"
EndProject
Project("{8BC9CEB8-8B4A-11D0-8D11-00A0C91BC942}") = "Zad14", "Zad14\Zad14.vcxproj", "{D1837397-917E-4E40-B63E-CBBCAF955203}"
EndProject
Project("{8BC9CEB8-8B4A-11D0-8D11-00A0C91BC942}") = "Zad17", "Zad17\Zad17.vcxproj", "{53D4C0CF-A127-4206-9292-8C9FBAC9C298}"
EndProject
Project("{8BC9CEB8-8B4A-11D0-8D11-00A0C91BC942}") = "JSON", "JSON\JSON.vcxproj", "{5F7FA148-D491-4999-96A3-4AF6FBBCD016}"
EndProject
Project("{8BC9CEB8-8B4A-11D0-8D11-00A0C91BC942}") = "Zad18", "Zad18\Zad18.vcxproj", "{BB2921BA-0392-4D43-A099-894FD344A07B}"
EndProject
Project("{8BC9CEB8-8B4A-11D0-8D11-00A0C91BC942}") = "Zad19", "Zad19\Zad19.vcxproj", "{7B3E33BE-9809-4C21-AE7B-1CB112B5C9DF}"
EndProject
Project("{8BC9CEB8-8B4A-11D0-8D11-00A0C91BC942}") = "Zad15", "Zad15\Zad15.vcxproj", "{8585F0CA-A81F-4706-9209-A109F095AAD9}"
EndProject
Global
	GlobalSection(SolutionConfigurationPlatforms) = preSolution
		Debug|x64 = Debug|x64
		Debug|x86 = Debug|x86
		Release|x64 = Release|x64
		Release|x86 = Release|x86
	EndGlobalSection
	GlobalSection(ProjectConfigurationPlatforms) = postSolution
		{72B90976-6F06-4AB4-81FD-C52ADED182F6}.Debug|x64.ActiveCfg = Debug|x64
		{72B90976-6F06-4AB4-81FD-C52ADED182F6}.Debug|x64.Build.0 = Debug|x64
		{72B90976-6F06-4AB4-81FD-C52ADED182F6}.Debug|x86.ActiveCfg = Debug|Win32
		{72B90976-6F06-4AB4-81FD-C52ADED182F6}.Debug|x86.Build.0 = Debug|Win32
		{72B90976-6F06-4AB4-81FD-C52ADED182F6}.Release|x64.ActiveCfg = Release|x64
		{72B90976-6F06-4AB4-81FD-C52ADED182F6}.Release|x64.Build.0 = Release|x64
		{72B90976-6F06-4AB4-81FD-C52ADED182F6}.Release|x86.ActiveCfg = Release|Win32
		{72B90976-6F06-4AB4-81FD-C52ADED182F6}.Release|x86.Build.0 = Release|Win32
		{99068F4C-3A8A-4E5D-B834-61DF4214C232}.Debug|x64.ActiveCfg = Debug|x64
		{99068F4C-3A8A-4E5D-B834-61DF4214C232}.Debug|x64.Build.0 = Debug|x64
		{99068F4C-3A8A-4E5D-B834-61DF4214C232}.Debug|x86.ActiveCfg = Debug|Win32
		{99068F4C-3A8A-4E5D-B834-61DF4214C232}.Debug|x86.Build.0 = Debug|Win32
		{99068F4C-3A8A-4E5D-B834-61DF4214C232}.Release|x64.ActiveCfg = Release|x64
		{99068F4C-3A8A-4E5D-B834-61DF4214C232}.Release|x64.Build.0 = Release|x64
		{99068F4C-3A8A-4E5D-B834-61DF4214C232}.Release|x86.ActiveCfg = Release|Win32
		{99068F4C-3A8A-4E5D-B834-61DF4214C232}.Release|x86.Build.0 = Release|Win32
		{AA51991E-3972-4281-928F-D7FE19E357A9}.Debug|x64.ActiveCfg = Debug|x64
		{AA51991E-3972-4281-928F-D7FE19E357A9}.Debug|x64.Build.0 = Debug|x64
		{AA51991E-3972-4281-928F-D7FE19E357A9}.Debug|x86.ActiveCfg = Debug|Win32
		{AA51991E-3972-4281-928F-D7FE19E357A9}.Debug|x86.Build.0 = Debug|Win32
		{AA51991E-3972-4281-928F-D7FE19E357A9}.Release|x64.ActiveCfg = Release|x64
		{AA51991E-3972-4281-928F-D7FE19E357A9}.Release|x64.Build.0 = Release|x64
		{AA51991E-3972-4281-928F-D7FE19E357A9}.Release|x86.ActiveCfg = Release|Win32
		{AA51991E-3972-4281-928F-D7FE19E357A9}.Release|x86.Build.0 = Release|Win32
		{156FCC7C-5BB7-4829-8BE5-3DB45AF971D0}.Debug|x64.ActiveCfg = Debug|x64
		{156FCC7C-5BB7-4829-8BE5-3DB45AF971D0}.Debug|x64.Build.0 = Debug|x64
		{156FCC7C-5BB7-4829-8BE5-3DB45AF971D0}.Debug|x86.ActiveCfg = Debug|Win32
		{156FCC7C-5BB7-4829-8BE5-3DB45AF971D0}.Debug|x86.Build.0 = Debug|Win32
		{156FCC7C-5BB7-4829-8BE5-3DB45AF971D0}.Release|x64.ActiveCfg = Release|x64
		{156FCC7C-5BB7-4829-8BE5-3DB45AF971D0}.Release|x64.Build.0 = Release|x64
		{156FCC7C-5BB7-4829-8BE5-3DB45AF971D0}.Release|x86.ActiveCfg = Release|Win32
		{156FCC7C-5BB7-4829-8BE5-3DB45AF971D0}.Release|x86.Build.0 = Release|Win32
		{F85FC197-ED2E-435D-BC2F-00C32741AFE0}.Debug|x64.ActiveCfg = Debug|x64
		{F85FC197-ED2E-435D-BC2F-00C32741AFE0}.Debug|x64.Build.0 = Debug|x64
		{F85FC197-ED2E-435D-BC2F-00C32741AFE0}.Debug|x86.ActiveCfg = Debug|Win32
		{F85FC197-ED2E-435D-BC2F-00C32741AFE0}.Debug|x86.Build.0 = Debug|Win32
		{F85FC197-ED2E-435D-BC2F-00C32741AFE0}.Release|x64.ActiveCfg = Release|x64
		{F85FC197-ED2E-435D-BC2F-00C32741AFE0}.Release|x64.Build.0 = Release|x64
		{F85FC197-ED2E-435D-BC2F-00C32741AFE0}.Release|x86.ActiveCfg = Release|Win32
		{F85FC197-ED2E-435D-BC2F-00C32741AFE0}.Release|x86.Build.0 = Release|Win32
		{1BEC4EE8-E8C2-45EE-AFD4-F4FC38AEEB99}.Debug|x64.ActiveCfg = Debug|x64
		{1BEC4EE8-E8C2-45EE-AFD4-F4FC38AEEB99}.Debug|x64.Build.0 = Debug|x64
		{1BEC4EE8-E8C2-45EE-AFD4-F4FC38AEEB99}.Debug|x86.ActiveCfg = Debug|Win32
		{1BEC4EE8-E8C2-45EE-AFD4-F4FC38AEEB99}.Debug|x86.Build.0 = Debug|Win32
		{1BEC4EE8-E8C2-45EE-AFD4-F4FC38AEEB99}.Release|x64.ActiveCfg = Release|x64
		{1BEC4EE8-E8C2-45EE-AFD4-F4FC38AEEB99}.Release|x64.Build.0 = Release|x64
		{1BEC4EE8-E8C2-45EE-AFD4-F4FC38AEEB99}.Release|x86.ActiveCfg = Release|Win32
		{1BEC4EE8-E8C2-45EE-AFD4-F4FC38AEEB99}.Release|x86.Build.0 = Release|Win32
		{5C26DB40-425B-4E28-B672-05B621024275}.Debug|x64.ActiveCfg = Debug|x64
		{5C26DB40-425B-4E28-B672-05B621024275}.Debug|x64.Build.0 = Debug|x64
		{5C26DB40-425B-4E28-B672-05B621024275}.Debug|x86.ActiveCfg = Debug|Win32
		{5C26DB40-425B-4E28-B672-05B621024275}.Debug|x86.Build.0 = Debug|Win32
		{5C26DB40-425B-4E28-B672-05B621024275}.Release|x64.ActiveCfg = Release|x64
		{5C26DB40-425B-4E28-B672-05B621024275}.Release|x64.Build.0 = Release|x64
		{5C26DB40-425B-4E28-B672-05B621024275}.Release|x86.ActiveCfg = Release|Win32
		{5C26DB40-425B-4E28-B672-05B621024275}.Release|x86.Build.0 = Release|Win32
		{1CB744FB-DAE2-42B1-86B6-132B1472446F}.Debug|x64.ActiveCfg = Debug|x64
		{1CB744FB-DAE2-42B1-86B6-132B1472446F}.Debug|x64.Build.0 = Debug|x64
		{1CB744FB-DAE2-42B1-86B6-132B1472446F}.Debug|x86.ActiveCfg = Debug|Win32
		{1CB744FB-DAE2-42B1-86B6-132B1472446F}.Debug|x86.Build.0 = Debug|Win32
		{1CB744FB-DAE2-42B1-86B6-132B1472446F}.Release|x64.ActiveCfg = Release|x64
		{1CB744FB-DAE2-42B1-86B6-132B1472446F}.Release|x64.Build.0 = Release|x64
		{1CB744FB-DAE2-42B1-86B6-132B1472446F}.Release|x86.ActiveCfg = Release|Win32
		{1CB744FB-DAE2-42B1-86B6-132B1472446F}.Release|x86.Build.0 = Release|Win32
		{44FFFF94-460E-4FD4-842A-61670ED04F6E}.Debug|x64.ActiveCfg = Debug|x64
		{44FFFF94-460E-4FD4-842A-61670ED04F6E}.Debug|x64.Build.0 = Debug|x64
		{44FFFF94-460E-4FD4-842A-61670ED04F6E}.Debug|x86.ActiveCfg = Debug|Win32
		{44FFFF94-460E-4FD4-842A-61670ED04F6E}.Debug|x86.Build.0 = Debug|Win32
		{44FFFF94-460E-4FD4-842A-61670ED04F6E}.Release|x64.ActiveCfg = Release|x64
		{44FFFF94-460E-4FD4-842A-61670ED04F6E}.Release|x64.Build.0 = Release|x64
		{44FFFF94-460E-4FD4-842A-61670ED04F6E}.Release|x86.ActiveCfg = Release|Win32
		{44FFFF94-460E-4FD4-842A-61670ED04F6E}.Release|x86.Build.0 = Release|Win32
		{DFCE5CB0-7D5E-4BC9-AE52-5B1D7CD40BCB}.Debug|x64.ActiveCfg = Debug|x64
		{DFCE5CB0-7D5E-4BC9-AE52-5B1D7CD40BCB}.Debug|x64.Build.0 = Debug|x64
		{DFCE5CB0-7D5E-4BC9-AE52-5B1D7CD40BCB}.Debug|x86.ActiveCfg = Debug|Win32
		{DFCE5CB0-7D5E-4BC9-AE52-5B1D7CD40BCB}.Debug|x86.Build.0 = Debug|Win32
		{DFCE5CB0-7D5E-4BC9-AE52-5B1D7CD40BCB}.Release|x64.ActiveCfg = Release|x64
		{DFCE5CB0-7D5E-4BC9-AE52-5B1D7CD40BCB}.Release|x64.Build.0 = Release|x64
		{DFCE5CB0-7D5E-4BC9-AE52-5B1D7CD40BCB}.Release|x86.ActiveCfg = Release|Win32
		{DFCE5CB0-7D5E-4BC9-AE52-5B1D7CD40BCB}.Release|x86.Build.0 = Release|Win32
		{85C1A3AD-9BB9-4165-B982-3FE83B8B7942}.Debug|x64.ActiveCfg = Debug|x64
		{85C1A3AD-9BB9-4165-B982-3FE83B8B7942}.Debug|x64.Build.0 = Debug|x64
		{85C1A3AD-9BB9-4165-B982-3FE83B8B7942}.Debug|x86.ActiveCfg = Debug|Win32
		{85C1A3AD-9BB9-4165-B982-3FE83B8B7942}.Debug|x86.Build.0 = Debug|Win32
		{85C1A3AD-9BB9-4165-B982-3FE83B8B7942}.Release|x64.ActiveCfg = Release|x64
		{85C1A3AD-9BB9-4165-B982-3FE83B8B7942}.Release|x64.Build.0 = Release|x64
		{85C1A3AD-9BB9-4165-B982-3FE83B8B7942}.Release|x86.ActiveCfg = Release|Win32
		{85C1A3AD-9BB9-4165-B982-3FE83B8B7942}.Release|x86.Build.0 = Release|Win32
		{D1837397-917E-4E40-B63E-CBBCAF955203}.Debug|x64.ActiveCfg = Debug|x64
		{D1837397-917E-4E40-B63E-CBBCAF955203}.Debug|x64.Build.0 = Debug|x64
		{D1837397-917E-4E40-B63E-CBBCAF955203}.Debug|x86.ActiveCfg = Debug|Win32
		{D1837397-917E-4E40-B63E-CBBCAF955203}.Debug|x86.Build.0 = Debug|Win32
		{D1837397-917E-4E40-B63E-CBBCAF955203}.Release|x64.ActiveCfg = Release|x64
		{D1837397-917E-4E40-B63E-CBBCAF955203}.Release|x64.Build.0 = Release|x64
		{D1837397-917E-4E40-B63E-CBBCAF955203}.Release|x86.ActiveCfg = Release|Win32
		{D1837397-917E-4E40-B63E-CBBCAF955203}.Release|x86.Build.0 = Release|Win32
		{53D4C0CF-A127-4206-9292-8C9FBAC9C298}.Debug|x64.ActiveCfg = Debug|x64
		{53D4C0CF-A127-4206-9292-8C9FBAC9C298}.Debug|x64.Build.0 = Debug|x64
		{53D4C0CF-A127-4206-9292-8C9FBAC9C298}.Debug|x86.ActiveCfg = Debug|Win32
		{53D4C0CF-A127-4206-9292-8C9FBAC9C298}.Debug|x86.Build.0 = Debug|Win32
		{53D4C0CF-A127-4206-9292-8C9FBAC9C298}.Release|x64.ActiveCfg = Release|x64
		{53D4C0CF-A127-4206-9292-8C9FBAC9C298}.Release|x64.Build.0 = Release|x64
		{53D4C0CF-A127-4206-9292-8C9FBAC9C298}.Release|x86.ActiveCfg = Release|Win32
		{53D4C0CF-A127-4206-9292-8C9FBAC9C298}.Release|x86.Build.0 = Release|Win32
		{5F7FA148-D491-4999-96A3-4AF6FBBCD016}.Debug|x64.ActiveCfg = Debug|x64
		{5F7FA148-D491-4999-96A3-4AF6FBBCD016}.Debug|x64.Build.0 = Debug|x64
		{5F7FA148-D491-4999-96A3-4AF6FBBCD016}.Debug|x86.ActiveCfg = Debug|Win32
		{5F7FA148-D491-4999-96A3-4AF6FBBCD016}.Debug|x86.Build.0 = Debug|Win32
		{5F7FA148-D491-4999-96A3-4AF6FBBCD016}.Release|x64.ActiveCfg = Release|x64
		{5F7FA148-D491-4999-96A3-4AF6FBBCD016}.Release|x64.Build.0 = Release|x64
		{5F7FA148-D491-4999-96A3-4AF6FBBCD016}.Release|x86.ActiveCfg = Release|Win32
		{5F7FA148-D491-4999-96A3-4AF6FBBCD016}.Release|x86.Build.0 = Release|Win32
		{BB2921BA-0392-4D43-A099-894FD344A07B}.Debug|x64.ActiveCfg = Debug|x64
		{BB2921BA-0392-4D43-A099-894FD344A07B}.Debug|x64.Build.0 = Debug|x64
		{BB2921BA-0392-4D43-A099-894FD344A07B}.Debug|x86.ActiveCfg = Debug|Win32
		{BB2921BA-0392-4D43-A099-894FD344A07B}.Debug|x86.Build.0 = Debug|Win32
		{BB2921BA-0392-4D43-A099-894FD344A07B}.Release|x64.ActiveCfg = Release|x64
		{BB2921BA-0392-4D43-A099-894FD344A07B}.Release|x64.Build.0 = Release|x64
		{BB2921BA-0392-4D43-A099-894FD344A07B}.Release|x86.ActiveCfg = Release|Win32
		{BB2921BA-0392-4D43-A099-894FD344A07B}.Release|x86.Build.0 = Release|Win32
		{7B3E33BE-9809-4C21-AE7B-1CB112B5C9DF}.Debug|x64.ActiveCfg = Debug|x64
		{7B3E33BE-9809-4C21-AE7B-1CB112B5C9DF}.Debug|x64.Build.0 = Debug|x64
		{7B3E33BE-9809-4C21-AE7B-1CB112B5C9DF}.Debug|x86.ActiveCfg = Debug|Win32
		{7B3E33BE-9809-4C21-AE7B-1CB112B5C9DF}.Debug|x86.Build.0 = Debug|Win32
		{7B3E33BE-9809-4C21-AE7B-1CB112B5C9DF}.Release|x64.ActiveCfg = Release|x64
		{7B3E33BE-9809-4C21-AE7B-1CB112B5C9DF}.Release|x64.Build.0 = Release|x64
		{7B3E33BE-9809-4C21-AE7B-1CB112B5C9DF}.Release|x86.ActiveCfg = Release|Win32
		{7B3E33BE-9809-4C21-AE7B-1CB112B5C9DF}.Release|x86.Build.0 = Release|Win32
		{8585F0CA-A81F-4706-9209-A109F095AAD9}.Debug|x64.ActiveCfg = Debug|x64
		{8585F0CA-A81F-4706-9209-A109F095AAD9}.Debug|x64.Build.0 = Debug|x64
		{8585F0CA-A81F-4706-9209-A109F095AAD9}.Debug|x86.ActiveCfg = Debug|Win32
		{8585F0CA-A81F-4706-9209-A109F095AAD9}.Debug|x86.Build.0 = Debug|Win32
		{8585F0CA-A81F-4706-9209-A109F095AAD9}.Release|x64.ActiveCfg = Release|x64
		{8585F0CA-A81F-4706-9209-A109F095AAD9}.Release|x64.Build.0 = Release|x64
		{8585F0CA-A81F-4706-9209-A109F095AAD9}.Release|x86.ActiveCfg = Release|Win32
		{8585F0CA-A81F-4706-9209-A109F095AAD9}.Release|x86.Build.0 = Release|Win32
	EndGlobalSection
	GlobalSection(SolutionProperties) = preSolution
		HideSolutionNode = FALSE
	EndGlobalSection
	GlobalSection(ExtensibilityGlobals) = postSolution
		SolutionGuid = {6AAC32D1-27B9-4B15-9F2B-7BDE056BA5D8}
	EndGlobalSection
EndGlobal
